
Microsoft Visual Studio Solution File, Format Version 12.00
# Visual Studio Version 16
VisualStudioVersion = 16.0.30611.23
MinimumVisualStudioVersion = 10.0.40219.1
Project("{FAE04EC0-301F-11D3-BF4B-00C04F79EFBC}") = "Inventarios", "Inventarios\Inventarios.csproj", "{C7AEFEA9-AE7D-4734-B01C-D4FA4D850A0D}"
EndProject
Project("{FAE04EC0-301F-11D3-BF4B-00C04F79EFBC}") = "Capa Datos", "Capa Datos\Capa Datos.csproj", "{5593148B-E22F-4C45-8AC4-7FDE97AEF743}"
EndProject
Project("{FAE04EC0-301F-11D3-BF4B-00C04F79EFBC}") = "Capa Negocio", "Capa Negocio\Capa Negocio.csproj", "{77AAE138-8B6F-4331-9662-66104BD2B3EB}"
EndProject
Global
	GlobalSection(SolutionConfigurationPlatforms) = preSolution
		Debug|Any CPU = Debug|Any CPU
		Release|Any CPU = Release|Any CPU
	EndGlobalSection
	GlobalSection(ProjectConfigurationPlatforms) = postSolution
		{C7AEFEA9-AE7D-4734-B01C-D4FA4D850A0D}.Debug|Any CPU.ActiveCfg = Debug|Any CPU
		{C7AEFEA9-AE7D-4734-B01C-D4FA4D850A0D}.Debug|Any CPU.Build.0 = Debug|Any CPU
		{C7AEFEA9-AE7D-4734-B01C-D4FA4D850A0D}.Release|Any CPU.ActiveCfg = Release|Any CPU
		{C7AEFEA9-AE7D-4734-B01C-D4FA4D850A0D}.Release|Any CPU.Build.0 = Release|Any CPU
		{5593148B-E22F-4C45-8AC4-7FDE97AEF743}.Debug|Any CPU.ActiveCfg = Debug|Any CPU
		{5593148B-E22F-4C45-8AC4-7FDE97AEF743}.Debug|Any CPU.Build.0 = Debug|Any CPU
		{5593148B-E22F-4C45-8AC4-7FDE97AEF743}.Release|Any CPU.ActiveCfg = Release|Any CPU
		{5593148B-E22F-4C45-8AC4-7FDE97AEF743}.Release|Any CPU.Build.0 = Release|Any CPU
		{77AAE138-8B6F-4331-9662-66104BD2B3EB}.Debug|Any CPU.ActiveCfg = Debug|Any CPU
		{77AAE138-8B6F-4331-9662-66104BD2B3EB}.Debug|Any CPU.Build.0 = Debug|Any CPU
		{77AAE138-8B6F-4331-9662-66104BD2B3EB}.Release|Any CPU.ActiveCfg = Release|Any CPU
		{77AAE138-8B6F-4331-9662-66104BD2B3EB}.Release|Any CPU.Build.0 = Release|Any CPU
	EndGlobalSection
	GlobalSection(SolutionProperties) = preSolution
		HideSolutionNode = FALSE
	EndGlobalSection
	GlobalSection(ExtensibilityGlobals) = postSolution
		SolutionGuid = {2A51505F-C79E-4F2A-83C6-FBA84AB7C9C4}
	EndGlobalSection
EndGlobal
